
Microsoft Visual Studio Solution File, Format Version 12.00
# Visual Studio Version 17
VisualStudioVersion = 17.9.34616.47
MinimumVisualStudioVersion = 10.0.40219.1
Project("{FAE04EC0-301F-11D3-BF4B-00C04F79EFBC}") = "STO_Koleso", "STO_Koleso.csproj", "{93A87727-131D-4ECB-A79B-A246928B35F8}"
EndProject
Project("{FAE04EC0-301F-11D3-BF4B-00C04F79EFBC}") = "AuthTest", "AuthTest\AuthTest.csproj", "{A2C2F47B-D77A-4E7A-9679-C47BF5134F47}"
EndProject
Project("{FAE04EC0-301F-11D3-BF4B-00C04F79EFBC}") = "AuthTestTests", "AuthTestTests\AuthTestTests.csproj", "{ACA10D89-C1C2-4F5B-9B00-B737AE21C4F6}"
EndProject
Global
	GlobalSection(SolutionConfigurationPlatforms) = preSolution
		Debug|Any CPU = Debug|Any CPU
		Release|Any CPU = Release|Any CPU
	EndGlobalSection
	GlobalSection(ProjectConfigurationPlatforms) = postSolution
		{93A87727-131D-4ECB-A79B-A246928B35F8}.Debug|Any CPU.ActiveCfg = Debug|Any CPU
		{93A87727-131D-4ECB-A79B-A246928B35F8}.Debug|Any CPU.Build.0 = Debug|Any CPU
		{93A87727-131D-4ECB-A79B-A246928B35F8}.Release|Any CPU.ActiveCfg = Release|Any CPU
		{93A87727-131D-4ECB-A79B-A246928B35F8}.Release|Any CPU.Build.0 = Release|Any CPU
		{A2C2F47B-D77A-4E7A-9679-C47BF5134F47}.Debug|Any CPU.ActiveCfg = Debug|Any CPU
		{A2C2F47B-D77A-4E7A-9679-C47BF5134F47}.Debug|Any CPU.Build.0 = Debug|Any CPU
		{A2C2F47B-D77A-4E7A-9679-C47BF5134F47}.Release|Any CPU.ActiveCfg = Release|Any CPU
		{A2C2F47B-D77A-4E7A-9679-C47BF5134F47}.Release|Any CPU.Build.0 = Release|Any CPU
		{ACA10D89-C1C2-4F5B-9B00-B737AE21C4F6}.Debug|Any CPU.ActiveCfg = Debug|Any CPU
		{ACA10D89-C1C2-4F5B-9B00-B737AE21C4F6}.Debug|Any CPU.Build.0 = Debug|Any CPU
		{ACA10D89-C1C2-4F5B-9B00-B737AE21C4F6}.Release|Any CPU.ActiveCfg = Release|Any CPU
		{ACA10D89-C1C2-4F5B-9B00-B737AE21C4F6}.Release|Any CPU.Build.0 = Release|Any CPU
	EndGlobalSection
	GlobalSection(SolutionProperties) = preSolution
		HideSolutionNode = FALSE
	EndGlobalSection
	GlobalSection(ExtensibilityGlobals) = postSolution
		SolutionGuid = {6113DAD2-CD07-480F-B974-41797E847336}
	EndGlobalSection
EndGlobal
